
Microsoft Visual Studio Solution File, Format Version 12.00
# Visual Studio Version 16
VisualStudioVersion = 16.0.29102.190
MinimumVisualStudioVersion = 10.0.40219.1
Project("{FAE04EC0-301F-11D3-BF4B-00C04F79EFBC}") = "YouPlay", "YouPlay.csproj", "{2D689630-A834-40AD-8961-D875F2F5908B}"
EndProject
Global
	GlobalSection(SolutionConfigurationPlatforms) = preSolution
		Debug|Any CPU = Debug|Any CPU
		Release|Any CPU = Release|Any CPU
	EndGlobalSection
	GlobalSection(ProjectConfigurationPlatforms) = postSolution
		{2D689630-A834-40AD-8961-D875F2F5908B}.Debug|Any CPU.ActiveCfg = Debug|Any CPU
		{2D689630-A834-40AD-8961-D875F2F5908B}.Debug|Any CPU.Build.0 = Debug|Any CPU
		{2D689630-A834-40AD-8961-D875F2F5908B}.Release|Any CPU.ActiveCfg = Release|Any CPU
		{2D689630-A834-40AD-8961-D875F2F5908B}.Release|Any CPU.Build.0 = Release|Any CPU
	EndGlobalSection
	GlobalSection(SolutionProperties) = preSolution
		HideSolutionNode = FALSE
	EndGlobalSection
	GlobalSection(ExtensibilityGlobals) = postSolution
		SolutionGuid = {EC18CC95-5D6C-452F-A12A-D448841CBC87}
	EndGlobalSection
EndGlobal
